
Microsoft Visual Studio Solution File, Format Version 12.00
# Visual Studio 14
VisualStudioVersion = 14.0.25420.1
MinimumVisualStudioVersion = 10.0.40219.1
Project("{FAE04EC0-301F-11D3-BF4B-00C04F79EFBC}") = "FanDuelDepthChart", "FanDuelDepthChart\FanDuelDepthChart.csproj", "{CDADF167-84E4-4BA1-BDBE-BDBFFAFB98AB}"
EndProject
Project("{FAE04EC0-301F-11D3-BF4B-00C04F79EFBC}") = "DepthChartTests", "DepthChartTests\DepthChartTests.csproj", "{6E486EDE-B3B7-4802-95D3-60FB6547DD72}"
EndProject
Global
	GlobalSection(SolutionConfigurationPlatforms) = preSolution
		Debug|Any CPU = Debug|Any CPU
		Release|Any CPU = Release|Any CPU
	EndGlobalSection
	GlobalSection(ProjectConfigurationPlatforms) = postSolution
		{CDADF167-84E4-4BA1-BDBE-BDBFFAFB98AB}.Debug|Any CPU.ActiveCfg = Debug|Any CPU
		{CDADF167-84E4-4BA1-BDBE-BDBFFAFB98AB}.Debug|Any CPU.Build.0 = Debug|Any CPU
		{CDADF167-84E4-4BA1-BDBE-BDBFFAFB98AB}.Release|Any CPU.ActiveCfg = Release|Any CPU
		{CDADF167-84E4-4BA1-BDBE-BDBFFAFB98AB}.Release|Any CPU.Build.0 = Release|Any CPU
		{6E486EDE-B3B7-4802-95D3-60FB6547DD72}.Debug|Any CPU.ActiveCfg = Debug|Any CPU
		{6E486EDE-B3B7-4802-95D3-60FB6547DD72}.Debug|Any CPU.Build.0 = Debug|Any CPU
		{6E486EDE-B3B7-4802-95D3-60FB6547DD72}.Release|Any CPU.ActiveCfg = Release|Any CPU
		{6E486EDE-B3B7-4802-95D3-60FB6547DD72}.Release|Any CPU.Build.0 = Release|Any CPU
	EndGlobalSection
	GlobalSection(SolutionProperties) = preSolution
		HideSolutionNode = FALSE
	EndGlobalSection
EndGlobal
